// !$*UTF8*$!
{
	archiveVersion = 1;
	classes = {
	};
	objectVersion = 46;
	objects = {

/* Begin PBXBuildFile section */
		CE70A7C51BE743730025EE3D /* SettingViewController.swift in Sources */ = {isa = PBXBuildFile; fileRef = CE70A7C41BE743730025EE3D /* SettingViewController.swift */; settings = {ASSET_TAGS = (); }; };
		CEFFB2911BE5EFAA007FFAE8 /* AppDelegate.swift in Sources */ = {isa = PBXBuildFile; fileRef = CEFFB2901BE5EFAA007FFAE8 /* AppDelegate.swift */; };
		CEFFB2931BE5EFAA007FFAE8 /* ViewController.swift in Sources */ = {isa = PBXBuildFile; fileRef = CEFFB2921BE5EFAA007FFAE8 /* ViewController.swift */; };
		CEFFB2961BE5EFAA007FFAE8 /* Main.storyboard in Resources */ = {isa = PBXBuildFile; fileRef = CEFFB2941BE5EFAA007FFAE8 /* Main.storyboard */; };
		CEFFB2981BE5EFAA007FFAE8 /* Assets.xcassets in Resources */ = {isa = PBXBuildFile; fileRef = CEFFB2971BE5EFAA007FFAE8 /* Assets.xcassets */; };
		CEFFB29B1BE5EFAA007FFAE8 /* LaunchScreen.storyboard in Resources */ = {isa = PBXBuildFile; fileRef = CEFFB2991BE5EFAA007FFAE8 /* LaunchScreen.storyboard */; };
/* End PBXBuildFile section */

/* Begin PBXFileReference section */
		CE70A7C41BE743730025EE3D /* SettingViewController.swift */ = {isa = PBXFileReference; fileEncoding = 4; lastKnownFileType = sourcecode.swift; path = SettingViewController.swift; sourceTree = "<group>"; };
		CEFFB28D1BE5EFAA007FFAE8 /* tips.app */ = {isa = PBXFileReference; explicitFileType = wrapper.application; includeInIndex = 0; path = tips.app; sourceTree = BUILT_PRODUCTS_DIR; };
		CEFFB2901BE5EFAA007FFAE8 /* AppDelegate.swift */ = {isa = PBXFileReference; lastKnownFileType = sourcecode.swift; path = AppDelegate.swift; sourceTree = "<group>"; };
		CEFFB2921BE5EFAA007FFAE8 /* ViewController.swift */ = {isa = PBXFileReference; lastKnownFileType = sourcecode.swift; path = ViewController.swift; sourceTree = "<group>"; };
		CEFFB2951BE5EFAA007FFAE8 /* Base */ = {isa = PBXFileReference; lastKnownFileType = file.storyboard; name = Base; path = Base.lproj/Main.storyboard; sourceTree = "<group>"; };
		CEFFB2971BE5EFAA007FFAE8 /* Assets.xcassets */ = {isa = PBXFileReference; lastKnownFileType = folder.assetcatalog; path = Assets.xcassets; sourceTree = "<group>"; };
		CEFFB29A1BE5EFAA007FFAE8 /* Base */ = {isa = PBXFileReference; lastKnownFileType = file.storyboard; name = Base; path = Base.lproj/LaunchScreen.storyboard; sourceTree = "<group>"; };
		CEFFB29C1BE5EFAA007FFAE8 /* Info.plist */ = {isa = PBXFileReference; lastKnownFileType = text.plist.xml; path = Info.plist; sourceTree = "<group>"; };
/* End PBXFileReference section */

/* Begin PBXFrameworksBuildPhase section */
		CEFFB28A1BE5EFAA007FFAE8 /* Frameworks */ = {
			isa = PBXFrameworksBuildPhase;
			buildActionMask = 2147483647;
			files = (
			);
			runOnlyForDeploymentPostprocessing = 0;
		};
/* End PBXFrameworksBuildPhase section */

/* Begin PBXGroup section */
		CEFFB2841BE5EFAA007FFAE8 = {
			isa = PBXGroup;
			children = (
				CEFFB28F1BE5EFAA007FFAE8 /* tips */,
				CEFFB28E1BE5EFAA007FFAE8 /* Products */,
			);
			sourceTree = "<group>";
		};
		CEFFB28E1BE5EFAA007FFAE8 /* Products */ = {
			isa = PBXGroup;
			children = (
				CEFFB28D1BE5EFAA007FFAE8 /* tips.app */,
			);
			name = Products;
			sourceTree = "<group>";
		};
		CEFFB28F1BE5EFAA007FFAE8 /* tips */ = {
			isa = PBXGroup;
			children = (
				CEFFB2901BE5EFAA007FFAE8 /* AppDelegate.swift */,
				CEFFB2921BE5EFAA007FFAE8 /* ViewController.swift */,
				CE70A7C41BE743730025EE3D /* SettingViewController.swift */,
				CEFFB2941BE5EFAA007FFAE8 /* Main.storyboard */,
				CEFFB2971BE5EFAA007FFAE8 /* Assets.xcassets */,
				CEFFB2991BE5EFAA007FFAE8 /* LaunchScreen.storyboard */,
				CEFFB29C1BE5EFAA007FFAE8 /* Info.plist */,
			);
			path = tips;
			sourceTree = "<group>";
		};
/* End PBXGroup section */

/* Begin PBXNativeTarget section */
		CEFFB28C1BE5EFAA007FFAE8 /* tips */ = {
			isa = PBXNativeTarget;
			buildConfigurationList = CEFFB29F1BE5EFAA007FFAE8 /* Build configuration list for PBXNativeTarget "tips" */;
			buildPhases = (
				CEFFB2891BE5EFAA007FFAE8 /* Sources */,
				CEFFB28A1BE5EFAA007FFAE8 /* Frameworks */,
				CEFFB28B1BE5EFAA007FFAE8 /* Resources */,
			);
			buildRules = (
			);
			dependencies = (
			);
			name = tips;
			productName = tips;
			productReference = CEFFB28D1BE5EFAA007FFAE8 /* tips.app */;
			productType = "com.apple.product-type.application";
		};
/* End PBXNativeTarget section */

/* Begin PBXProject section */
		CEFFB2851BE5EFAA007FFAE8 /* Project object */ = {
			isa = PBXProject;
			attributes = {
				LastUpgradeCheck = 0700;
				ORGANIZATIONNAME = codepath;
				TargetAttributes = {
					CEFFB28C1BE5EFAA007FFAE8 = {
						CreatedOnToolsVersion = 7.0;
						DevelopmentTeam = YSW7T94DJK;
					};
				};
			};
			buildConfigurationList = CEFFB2881BE5EFAA007FFAE8 /* Build configuration list for PBXProject "tips" */;
			compatibilityVersion = "Xcode 3.2";
			developmentRegion = English;
			hasScannedForEncodings = 0;
			knownRegions = (
				en,
				Base,
			);
			mainGroup = CEFFB2841BE5EFAA007FFAE8;
			productRefGroup = CEFFB28E1BE5EFAA007FFAE8 /* Products */;
			projectDirPath = "";
			projectRoot = "";
			targets = (
				CEFFB28C1BE5EFAA007FFAE8 /* tips */,
			);
		};
/* End PBXProject section */

/* Begin PBXResourcesBuildPhase section */
		CEFFB28B1BE5EFAA007FFAE8 /* Resources */ = {
			isa = PBXResourcesBuildPhase;
			buildActionMask = 2147483647;
			files = (
				CEFFB29B1BE5EFAA007FFAE8 /* LaunchScreen.storyboard in Resources */,
				CEFFB2981BE5EFAA007FFAE8 /* Assets.xcassets in Resources */,
				CEFFB2961BE5EFAA007FFAE8 /* Main.storyboard in Resources */,
			);
			runOnlyForDeploymentPostprocessing = 0;
		};
/* End PBXResourcesBuildPhase section */

/* Begin PBXSourcesBuildPhase section */
		CEFFB2891BE5EFAA007FFAE8 /* Sources */ = {
			isa = PBXSourcesBuildPhase;
			buildActionMask = 2147483647;
			files = (
				CEFFB2931BE5EFAA007FFAE8 /* ViewController.swift in Sources */,
				CEFFB2911BE5EFAA007FFAE8 /* AppDelegate.swift in Sources */,
				CE70A7C51BE743730025EE3D /* SettingViewController.swift in Sources */,
			);
			runOnlyForDeploymentPostprocessing = 0;
		};
/* End PBXSourcesBuildPhase section */

/* Begin PBXVariantGroup section */
		CEFFB2941BE5EFAA007FFAE8 /* Main.storyboard */ = {
			isa = PBXVariantGroup;
			children = (
				CEFFB2951BE5EFAA007FFAE8 /* Base */,
			);
			name = Main.storyboard;
			sourceTree = "<group>";
		};
		CEFFB2991BE5EFAA007FFAE8 /* LaunchScreen.storyboard */ = {
			isa = PBXVariantGroup;
			children = (
				CEFFB29A1BE5EFAA007FFAE8 /* Base */,
			);
			name = LaunchScreen.storyboard;
			sourceTree = "<group>";
		};
/* End PBXVariantGroup section */

/* Begin XCBuildConfiguration section */
		CEFFB29D1BE5EFAA007FFAE8 /* Debug */ = {
			isa = XCBuildConfiguration;
			buildSettings = {
				ALWAYS_SEARCH_USER_PATHS = NO;
				CLANG_CXX_LANGUAGE_STANDARD = "gnu++0x";
				CLANG_CXX_LIBRARY = "libc++";
				CLANG_ENABLE_MODULES = YES;
				CLANG_ENABLE_OBJC_ARC = YES;
				CLANG_WARN_BOOL_CONVERSION = YES;
				CLANG_WARN_CONSTANT_CONVERSION = YES;
				CLANG_WARN_DIRECT_OBJC_ISA_USAGE = YES_ERROR;
				CLANG_WARN_EMPTY_BODY = YES;
				CLANG_WARN_ENUM_CONVERSION = YES;
				CLANG_WARN_INT_CONVERSION = YES;
				CLANG_WARN_OBJC_ROOT_CLASS = YES_ERROR;
				CLANG_WARN_UNREACHABLE_CODE = YES;
				CLANG_WARN__DUPLICATE_METHOD_MATCH = YES;
				"CODE_SIGN_IDENTITY[sdk=iphoneos*]" = "iPhone Developer";
				COPY_PHASE_STRIP = NO;
				DEBUG_INFORMATION_FORMAT = dwarf;
				ENABLE_STRICT_OBJC_MSGSEND = YES;
				ENABLE_TESTABILITY = YES;
				GCC_C_LANGUAGE_STANDARD = gnu99;
				GCC_DYNAMIC_NO_PIC = NO;
				GCC_NO_COMMON_BLOCKS = YES;
				GCC_OPTIMIZATION_LEVEL = 0;
				GCC_PREPROCESSOR_DEFINITIONS = (
					"DEBUG=1",
					"$(inherited)",
				);
				GCC_WARN_64_TO_32_BIT_CONVERSION = YES;
				GCC_WARN_ABOUT_RETURN_TYPE = YES_ERROR;
				GCC_WARN_UNDECLARED_SELECTOR = YES;
				GCC_WARN_UNINITIALIZED_AUTOS = YES_AGGRESSIVE;
				GCC_WARN_UNUSED_FUNCTION = YES;
				GCC_WARN_UNUSED_VARIABLE = YES;
				IPHONEOS_DEPLOYMENT_TARGET = 9.0;
				MTL_ENABLE_DEBUG_INFO = YES;
				ONLY_ACTIVE_ARCH = YES;
				SDKROOT = iphoneos;
				SWIFT_OPTIMIZATION_LEVEL = "-Onone";
			};
			name = Debug;
		};
		CEFFB29E1BE5EFAA007FFAE8 /* Release */ = {
			isa = XCBuildConfiguration;
			buildSettings = {
				ALWAYS_SEARCH_USER_PATHS = NO;
				CLANG_CXX_LANGUAGE_STANDARD = "gnu++0x";
				CLANG_CXX_LIBRARY = "libc++";
				CLANG_ENABLE_MODULES = YES;
				CLANG_ENABLE_OBJC_ARC = YES;
				CLANG_WARN_BOOL_CONVERSION = YES;
				CLANG_WARN_CONSTANT_CONVERSION = YES;
				CLANG_WARN_DIRECT_OBJC_ISA_USAGE = YES_ERROR;
				CLANG_WARN_EMPTY_BODY = YES;
				CLANG_WARN_ENUM_CONVERSION = YES;
				CLANG_WARN_INT_CONVERSION = YES;
				CLANG_WARN_OBJC_ROOT_CLASS = YES_ERROR;
				CLANG_WARN_UNREACHABLE_CODE = YES;
				CLANG_WARN__DUPLICATE_METHOD_MATCH = YES;
				"CODE_SIGN_IDENTITY[sdk=iphoneos*]" = "iPhone Developer";
				COPY_PHASE_STRIP = NO;
				DEBUG_INFORMATION_FORMAT = "dwarf-with-dsym";
				ENABLE_NS_ASSERTIONS = NO;
				ENABLE_STRICT_OBJC_MSGSEND = YES;
				GCC_C_LANGUAGE_STANDARD = gnu99;
				GCC_NO_COMMON_BLOCKS = YES;
				GCC_WARN_64_TO_32_BIT_CONVERSION = YES;
				GCC_WARN_ABOUT_RETURN_TYPE = YES_ERROR;
				GCC_WARN_UNDECLARED_SELECTOR = YES;
				GCC_WARN_UNINITIALIZED_AUTOS = YES_AGGRESSIVE;
				GCC_WARN_UNUSED_FUNCTION = YES;
				GCC_WARN_UNUSED_VARIABLE = YES;
				IPHONEOS_DEPLOYMENT_TARGET = 9.0;
				MTL_ENABLE_DEBUG_INFO = NO;
				SDKROOT = iphoneos;
				VALIDATE_PRODUCT = YES;
			};
			name = Release;
		};
		CEFFB2A01BE5EFAA007FFAE8 /* Debug */ = {
			isa = XCBuildConfiguration;
			buildSettings = {
				ASSETCATALOG_COMPILER_APPICON_NAME = AppIcon;
				CODE_SIGN_IDENTITY = "iPhone Developer";
				INFOPLIST_FILE = tips/Info.plist;
				IPHONEOS_DEPLOYMENT_TARGET = 7.0;
				LD_RUNPATH_SEARCH_PATHS = "$(inherited) @executable_path/Frameworks";
				PRODUCT_BUNDLE_IDENTIFIER = com.codepath.tips;
				PRODUCT_NAME = "$(TARGET_NAME)";
				TARGETED_DEVICE_FAMILY = 1;
			};
			name = Debug;
		};
		CEFFB2A11BE5EFAA007FFAE8 /* Release */ = {
			isa = XCBuildConfiguration;
			buildSettings = {
				ASSETCATALOG_COMPILER_APPICON_NAME = AppIcon;
				CODE_SIGN_IDENTITY = "iPhone Developer";
				INFOPLIST_FILE = tips/Info.plist;
				IPHONEOS_DEPLOYMENT_TARGET = 7.0;
				LD_RUNPATH_SEARCH_PATHS = "$(inherited) @executable_path/Frameworks";
				PRODUCT_BUNDLE_IDENTIFIER = com.codepath.tips;
				PRODUCT_NAME = "$(TARGET_NAME)";
				TARGETED_DEVICE_FAMILY = 1;
			};
			name = Release;
		};
/* End XCBuildConfiguration section */

/* Begin XCConfigurationList section */
		CEFFB2881BE5EFAA007FFAE8 /* Build configuration list for PBXProject "tips" */ = {
			isa = XCConfigurationList;
			buildConfigurations = (
				CEFFB29D1BE5EFAA007FFAE8 /* Debug */,
				CEFFB29E1BE5EFAA007FFAE8 /* Release */,
			);
			defaultConfigurationIsVisible = 0;
			defaultConfigurationName = Release;
		};
		CEFFB29F1BE5EFAA007FFAE8 /* Build configuration list for PBXNativeTarget "tips" */ = {
			isa = XCConfigurationList;
			buildConfigurations = (
				CEFFB2A01BE5EFAA007FFAE8 /* Debug */,
				CEFFB2A11BE5EFAA007FFAE8 /* Release */,
			);
			defaultConfigurationIsVisible = 0;
			defaultConfigurationName = Release;
		};
/* End XCConfigurationList section */
	};
	rootObject = CEFFB2851BE5EFAA007FFAE8 /* Project object */;
}
